
Microsoft Visual Studio Solution File, Format Version 12.00
# Visual Studio 15
VisualStudioVersion = 15.0.26730.16
MinimumVisualStudioVersion = 10.0.40219.1
Project("{888888A0-9F3D-457C-B088-3A5042F75D52}") = "InsertRecipe2SQL", "InsertRecipe2SQL\InsertRecipe2SQL.pyproj", "{2553A2C2-7770-46C1-B91E-DBFBDFDBE422}"
EndProject
Global
	GlobalSection(SolutionConfigurationPlatforms) = preSolution
		Debug|Any CPU = Debug|Any CPU
		Release|Any CPU = Release|Any CPU
	EndGlobalSection
	GlobalSection(ProjectConfigurationPlatforms) = postSolution
		{2553A2C2-7770-46C1-B91E-DBFBDFDBE422}.Debug|Any CPU.ActiveCfg = Debug|Any CPU
		{2553A2C2-7770-46C1-B91E-DBFBDFDBE422}.Release|Any CPU.ActiveCfg = Release|Any CPU
	EndGlobalSection
	GlobalSection(SolutionProperties) = preSolution
		HideSolutionNode = FALSE
	EndGlobalSection
	GlobalSection(ExtensibilityGlobals) = postSolution
		SolutionGuid = {9AC49BC3-6B35-4B7E-8007-94FC705B95ED}
	EndGlobalSection
EndGlobal
