
Microsoft Visual Studio Solution File, Format Version 12.00
# Visual Studio 15
VisualStudioVersion = 15.0.26730.10
MinimumVisualStudioVersion = 10.0.40219.1
Project("{888888A0-9F3D-457C-B088-3A5042F75D52}") = "GenerateMotionLabel", "GenerateMotionLabel\GenerateMotionLabel.pyproj", "{F2D2DAAD-98CA-4155-9B1E-B66265AE5190}"
EndProject
Global
	GlobalSection(SolutionConfigurationPlatforms) = preSolution
		Debug|Any CPU = Debug|Any CPU
		Release|Any CPU = Release|Any CPU
	EndGlobalSection
	GlobalSection(ProjectConfigurationPlatforms) = postSolution
		{F2D2DAAD-98CA-4155-9B1E-B66265AE5190}.Debug|Any CPU.ActiveCfg = Debug|Any CPU
		{F2D2DAAD-98CA-4155-9B1E-B66265AE5190}.Release|Any CPU.ActiveCfg = Release|Any CPU
	EndGlobalSection
	GlobalSection(SolutionProperties) = preSolution
		HideSolutionNode = FALSE
	EndGlobalSection
	GlobalSection(ExtensibilityGlobals) = postSolution
		SolutionGuid = {2223FE34-3B64-4FBD-A159-683E3E3C87E0}
	EndGlobalSection
EndGlobal
